// !$*UTF8*$!
{
	archiveVersion = 1;
	classes = {
	};
	objectVersion = 55;
	objects = {

/* Begin PBXBuildFile section */
		C90B864A28790CAD004E8599 /* FollowersListViewModel.swift in Sources */ = {isa = PBXBuildFile; fileRef = C90B864928790CAD004E8599 /* FollowersListViewModel.swift */; };
		C90B8653287912D6004E8599 /* HTTPClient.swift in Sources */ = {isa = PBXBuildFile; fileRef = C90B8652287912D6004E8599 /* HTTPClient.swift */; };
		C90B8655287912F8004E8599 /* URLSessionHTTPClient.swift in Sources */ = {isa = PBXBuildFile; fileRef = C90B8654287912F8004E8599 /* URLSessionHTTPClient.swift */; };
		C90B865828791348004E8599 /* FollowersLoader.swift in Sources */ = {isa = PBXBuildFile; fileRef = C90B865728791348004E8599 /* FollowersLoader.swift */; };
		C9139BAF285CDC0F00BDBA51 /* Follower.swift in Sources */ = {isa = PBXBuildFile; fileRef = C9139BAE285CDC0F00BDBA51 /* Follower.swift */; };
		C9139BB1285CE1B700BDBA51 /* User.swift in Sources */ = {isa = PBXBuildFile; fileRef = C9139BB0285CE1B700BDBA51 /* User.swift */; };
		C92B70672869FBCF00340E68 /* GPVEmptyStateView.swift in Sources */ = {isa = PBXBuildFile; fileRef = C92B70662869FBCF00340E68 /* GPVEmptyStateView.swift */; };
		C92BE7392857A1AE00672CC1 /* SearchVC.swift in Sources */ = {isa = PBXBuildFile; fileRef = C92BE7382857A1AE00672CC1 /* SearchVC.swift */; };
		C92BE73C2857A1E000672CC1 /* FavoritesListVC.swift in Sources */ = {isa = PBXBuildFile; fileRef = C92BE73B2857A1E000672CC1 /* FavoritesListVC.swift */; };
		C92BE7402857ABFC00672CC1 /* GPVButton.swift in Sources */ = {isa = PBXBuildFile; fileRef = C92BE73F2857ABFC00672CC1 /* GPVButton.swift */; };
		C92BE7452857B6E800672CC1 /* GPVTextField.swift in Sources */ = {isa = PBXBuildFile; fileRef = C92BE7442857B6E800672CC1 /* GPVTextField.swift */; };
		C939B03328579BF3005827DC /* AppDelegate.swift in Sources */ = {isa = PBXBuildFile; fileRef = C939B03228579BF3005827DC /* AppDelegate.swift */; };
		C939B03528579BF3005827DC /* SceneDelegate.swift in Sources */ = {isa = PBXBuildFile; fileRef = C939B03428579BF3005827DC /* SceneDelegate.swift */; };
		C939B03C28579BF4005827DC /* Assets.xcassets in Resources */ = {isa = PBXBuildFile; fileRef = C939B03B28579BF4005827DC /* Assets.xcassets */; };
		C939B03F28579BF4005827DC /* LaunchScreen.storyboard in Resources */ = {isa = PBXBuildFile; fileRef = C939B03D28579BF4005827DC /* LaunchScreen.storyboard */; };
		C97278DB28637B03003B3E15 /* UIHelper.swift in Sources */ = {isa = PBXBuildFile; fileRef = C97278DA28637B03003B3E15 /* UIHelper.swift */; };
		C97D2F36285909C800744065 /* KeyboardDismissable.swift in Sources */ = {isa = PBXBuildFile; fileRef = C97D2F35285909C800744065 /* KeyboardDismissable.swift */; };
		C97D2F3928590C9300744065 /* FollowersListVC.swift in Sources */ = {isa = PBXBuildFile; fileRef = C97D2F3828590C9300744065 /* FollowersListVC.swift */; };
		C97D2F3C285916BC00744065 /* String+Validation.swift in Sources */ = {isa = PBXBuildFile; fileRef = C97D2F3B285916BC00744065 /* String+Validation.swift */; };
		C98C6B0628773E3200D8685E /* GPVItemInfoView.swift in Sources */ = {isa = PBXBuildFile; fileRef = C98C6B0528773E3200D8685E /* GPVItemInfoView.swift */; };
		C9A8BDCE28728892000A1BE5 /* GPVUserInfoHeaderVC.swift in Sources */ = {isa = PBXBuildFile; fileRef = C9A8BDCD28728892000A1BE5 /* GPVUserInfoHeaderVC.swift */; };
		C9A8BDD1287288F2000A1BE5 /* GPVSecondaryTitleLabel.swift in Sources */ = {isa = PBXBuildFile; fileRef = C9A8BDD0287288F2000A1BE5 /* GPVSecondaryTitleLabel.swift */; };
		C9A8BDD32872906F000A1BE5 /* Constants.swift in Sources */ = {isa = PBXBuildFile; fileRef = C9A8BDD22872906F000A1BE5 /* Constants.swift */; };
		C9AFDF95285A484000493F55 /* GPVTitleLabel.swift in Sources */ = {isa = PBXBuildFile; fileRef = C9AFDF94285A484000493F55 /* GPVTitleLabel.swift */; };
		C9AFDF97285A4A9B00493F55 /* GPVBodyLabel.swift in Sources */ = {isa = PBXBuildFile; fileRef = C9AFDF96285A4A9B00493F55 /* GPVBodyLabel.swift */; };
		C9AFDF9C285A4BB700493F55 /* GPVAlertVC.swift in Sources */ = {isa = PBXBuildFile; fileRef = C9AFDF9B285A4BB700493F55 /* GPVAlertVC.swift */; };
		C9AFDF9E285A521600493F55 /* UIViewController+Ext.swift in Sources */ = {isa = PBXBuildFile; fileRef = C9AFDF9D285A521600493F55 /* UIViewController+Ext.swift */; };
		C9B67DBB285F9091003EFE50 /* NetworkManager.swift in Sources */ = {isa = PBXBuildFile; fileRef = C9B67DBA285F9091003EFE50 /* NetworkManager.swift */; };
		C9B67DBE285F9E68003EFE50 /* GPVError.swift in Sources */ = {isa = PBXBuildFile; fileRef = C9B67DBD285F9E68003EFE50 /* GPVError.swift */; };
		C9C08B272867080900AD1D8B /* UIImageView+Download.swift in Sources */ = {isa = PBXBuildFile; fileRef = C9C08B262867080900AD1D8B /* UIImageView+Download.swift */; };
		C9CD85B72868A89B003CA47B /* LoadMoreActivityIndicator.swift in Sources */ = {isa = PBXBuildFile; fileRef = C9CD85B62868A89B003CA47B /* LoadMoreActivityIndicator.swift */; };
		C9CE936A2871F31300612AE9 /* UserInfoVC.swift in Sources */ = {isa = PBXBuildFile; fileRef = C9CE93692871F31300612AE9 /* UserInfoVC.swift */; };
		C9DF6E332861ED4100A4C4E4 /* FollowerCell.swift in Sources */ = {isa = PBXBuildFile; fileRef = C9DF6E322861ED4100A4C4E4 /* FollowerCell.swift */; };
		C9DF6E362861EDB400A4C4E4 /* GPVAvatarImageView.swift in Sources */ = {isa = PBXBuildFile; fileRef = C9DF6E352861EDB400A4C4E4 /* GPVAvatarImageView.swift */; };
/* End PBXBuildFile section */

/* Begin PBXContainerItemProxy section */
		C9CE93612871EFB700612AE9 /* PBXContainerItemProxy */ = {
			isa = PBXContainerItemProxy;
			containerPortal = C939B02728579BF3005827DC /* Project object */;
			proxyType = 1;
			remoteGlobalIDString = C939B02E28579BF3005827DC;
			remoteInfo = "Github Profile Viewer";
		};
/* End PBXContainerItemProxy section */

/* Begin PBXFileReference section */
		C90B864928790CAD004E8599 /* FollowersListViewModel.swift */ = {isa = PBXFileReference; lastKnownFileType = sourcecode.swift; path = FollowersListViewModel.swift; sourceTree = "<group>"; };
		C90B8652287912D6004E8599 /* HTTPClient.swift */ = {isa = PBXFileReference; lastKnownFileType = sourcecode.swift; path = HTTPClient.swift; sourceTree = "<group>"; };
		C90B8654287912F8004E8599 /* URLSessionHTTPClient.swift */ = {isa = PBXFileReference; lastKnownFileType = sourcecode.swift; path = URLSessionHTTPClient.swift; sourceTree = "<group>"; };
		C90B865728791348004E8599 /* FollowersLoader.swift */ = {isa = PBXFileReference; lastKnownFileType = sourcecode.swift; path = FollowersLoader.swift; sourceTree = "<group>"; };
		C9139BAE285CDC0F00BDBA51 /* Follower.swift */ = {isa = PBXFileReference; lastKnownFileType = sourcecode.swift; path = Follower.swift; sourceTree = "<group>"; };
		C9139BB0285CE1B700BDBA51 /* User.swift */ = {isa = PBXFileReference; lastKnownFileType = sourcecode.swift; path = User.swift; sourceTree = "<group>"; };
		C92B70662869FBCF00340E68 /* GPVEmptyStateView.swift */ = {isa = PBXFileReference; lastKnownFileType = sourcecode.swift; path = GPVEmptyStateView.swift; sourceTree = "<group>"; };
		C92BE7382857A1AE00672CC1 /* SearchVC.swift */ = {isa = PBXFileReference; lastKnownFileType = sourcecode.swift; path = SearchVC.swift; sourceTree = "<group>"; };
		C92BE73B2857A1E000672CC1 /* FavoritesListVC.swift */ = {isa = PBXFileReference; lastKnownFileType = sourcecode.swift; path = FavoritesListVC.swift; sourceTree = "<group>"; };
		C92BE73F2857ABFC00672CC1 /* GPVButton.swift */ = {isa = PBXFileReference; lastKnownFileType = sourcecode.swift; path = GPVButton.swift; sourceTree = "<group>"; };
		C92BE7442857B6E800672CC1 /* GPVTextField.swift */ = {isa = PBXFileReference; lastKnownFileType = sourcecode.swift; path = GPVTextField.swift; sourceTree = "<group>"; };
		C939B02F28579BF3005827DC /* Github Profile Viewer.app */ = {isa = PBXFileReference; explicitFileType = wrapper.application; includeInIndex = 0; path = "Github Profile Viewer.app"; sourceTree = BUILT_PRODUCTS_DIR; };
		C939B03228579BF3005827DC /* AppDelegate.swift */ = {isa = PBXFileReference; lastKnownFileType = sourcecode.swift; path = AppDelegate.swift; sourceTree = "<group>"; };
		C939B03428579BF3005827DC /* SceneDelegate.swift */ = {isa = PBXFileReference; lastKnownFileType = sourcecode.swift; path = SceneDelegate.swift; sourceTree = "<group>"; };
		C939B03B28579BF4005827DC /* Assets.xcassets */ = {isa = PBXFileReference; lastKnownFileType = folder.assetcatalog; path = Assets.xcassets; sourceTree = "<group>"; };
		C939B03E28579BF4005827DC /* Base */ = {isa = PBXFileReference; lastKnownFileType = file.storyboard; name = Base; path = Base.lproj/LaunchScreen.storyboard; sourceTree = "<group>"; };
		C939B04028579BF4005827DC /* Info.plist */ = {isa = PBXFileReference; lastKnownFileType = text.plist.xml; name = Info.plist; path = "Github Profile Viewer/Supporting Files/Info.plist"; sourceTree = SOURCE_ROOT; };
		C97278DA28637B03003B3E15 /* UIHelper.swift */ = {isa = PBXFileReference; lastKnownFileType = sourcecode.swift; path = UIHelper.swift; sourceTree = "<group>"; };
		C97D2F35285909C800744065 /* KeyboardDismissable.swift */ = {isa = PBXFileReference; lastKnownFileType = sourcecode.swift; path = KeyboardDismissable.swift; sourceTree = "<group>"; };
		C97D2F3828590C9300744065 /* FollowersListVC.swift */ = {isa = PBXFileReference; lastKnownFileType = sourcecode.swift; path = FollowersListVC.swift; sourceTree = "<group>"; };
		C97D2F3B285916BC00744065 /* String+Validation.swift */ = {isa = PBXFileReference; lastKnownFileType = sourcecode.swift; path = "String+Validation.swift"; sourceTree = "<group>"; };
		C98C6B0528773E3200D8685E /* GPVItemInfoView.swift */ = {isa = PBXFileReference; lastKnownFileType = sourcecode.swift; path = GPVItemInfoView.swift; sourceTree = "<group>"; };
		C9A8BDCD28728892000A1BE5 /* GPVUserInfoHeaderVC.swift */ = {isa = PBXFileReference; lastKnownFileType = sourcecode.swift; path = GPVUserInfoHeaderVC.swift; sourceTree = "<group>"; };
		C9A8BDD0287288F2000A1BE5 /* GPVSecondaryTitleLabel.swift */ = {isa = PBXFileReference; lastKnownFileType = sourcecode.swift; path = GPVSecondaryTitleLabel.swift; sourceTree = "<group>"; };
		C9A8BDD22872906F000A1BE5 /* Constants.swift */ = {isa = PBXFileReference; lastKnownFileType = sourcecode.swift; path = Constants.swift; sourceTree = "<group>"; };
		C9AFDF94285A484000493F55 /* GPVTitleLabel.swift */ = {isa = PBXFileReference; lastKnownFileType = sourcecode.swift; path = GPVTitleLabel.swift; sourceTree = "<group>"; };
		C9AFDF96285A4A9B00493F55 /* GPVBodyLabel.swift */ = {isa = PBXFileReference; lastKnownFileType = sourcecode.swift; path = GPVBodyLabel.swift; sourceTree = "<group>"; };
		C9AFDF9B285A4BB700493F55 /* GPVAlertVC.swift */ = {isa = PBXFileReference; lastKnownFileType = sourcecode.swift; path = GPVAlertVC.swift; sourceTree = "<group>"; };
		C9AFDF9D285A521600493F55 /* UIViewController+Ext.swift */ = {isa = PBXFileReference; lastKnownFileType = sourcecode.swift; path = "UIViewController+Ext.swift"; sourceTree = "<group>"; };
		C9B67DBA285F9091003EFE50 /* NetworkManager.swift */ = {isa = PBXFileReference; lastKnownFileType = sourcecode.swift; path = NetworkManager.swift; sourceTree = "<group>"; };
		C9B67DBD285F9E68003EFE50 /* GPVError.swift */ = {isa = PBXFileReference; lastKnownFileType = sourcecode.swift; path = GPVError.swift; sourceTree = "<group>"; };
		C9C08B262867080900AD1D8B /* UIImageView+Download.swift */ = {isa = PBXFileReference; lastKnownFileType = sourcecode.swift; path = "UIImageView+Download.swift"; sourceTree = "<group>"; };
		C9CD85B62868A89B003CA47B /* LoadMoreActivityIndicator.swift */ = {isa = PBXFileReference; lastKnownFileType = sourcecode.swift; path = LoadMoreActivityIndicator.swift; sourceTree = "<group>"; };
		C9CE935D2871EFB700612AE9 /* Github Profile ViewerTests.xctest */ = {isa = PBXFileReference; explicitFileType = wrapper.cfbundle; includeInIndex = 0; path = "Github Profile ViewerTests.xctest"; sourceTree = BUILT_PRODUCTS_DIR; };
		C9CE93692871F31300612AE9 /* UserInfoVC.swift */ = {isa = PBXFileReference; lastKnownFileType = sourcecode.swift; path = UserInfoVC.swift; sourceTree = "<group>"; };
		C9DF6E322861ED4100A4C4E4 /* FollowerCell.swift */ = {isa = PBXFileReference; lastKnownFileType = sourcecode.swift; path = FollowerCell.swift; sourceTree = "<group>"; };
		C9DF6E352861EDB400A4C4E4 /* GPVAvatarImageView.swift */ = {isa = PBXFileReference; lastKnownFileType = sourcecode.swift; path = GPVAvatarImageView.swift; sourceTree = "<group>"; };
/* End PBXFileReference section */

/* Begin PBXFrameworksBuildPhase section */
		C939B02C28579BF3005827DC /* Frameworks */ = {
			isa = PBXFrameworksBuildPhase;
			buildActionMask = 2147483647;
			files = (
			);
			runOnlyForDeploymentPostprocessing = 0;
		};
		C9CE935A2871EFB700612AE9 /* Frameworks */ = {
			isa = PBXFrameworksBuildPhase;
			buildActionMask = 2147483647;
			files = (
			);
			runOnlyForDeploymentPostprocessing = 0;
		};
/* End PBXFrameworksBuildPhase section */

/* Begin PBXGroup section */
		C90B864B28790F92004E8599 /* API */ = {
			isa = PBXGroup;
			children = (
				C90B8652287912D6004E8599 /* HTTPClient.swift */,
				C90B8654287912F8004E8599 /* URLSessionHTTPClient.swift */,
				C90B865628791324004E8599 /* Get Followers API */,
			);
			path = API;
			sourceTree = "<group>";
		};
		C90B865628791324004E8599 /* Get Followers API */ = {
			isa = PBXGroup;
			children = (
				C90B865728791348004E8599 /* FollowersLoader.swift */,
			);
			path = "Get Followers API";
			sourceTree = "<group>";
		};
		C9139BAD285CDC0500BDBA51 /* Models */ = {
			isa = PBXGroup;
			children = (
				C9139BAE285CDC0F00BDBA51 /* Follower.swift */,
				C9139BB0285CE1B700BDBA51 /* User.swift */,
			);
			path = Models;
			sourceTree = "<group>";
		};
		C92B70652869FAD300340E68 /* CustomView */ = {
			isa = PBXGroup;
			children = (
				C98C6B0528773E3200D8685E /* GPVItemInfoView.swift */,
				C92B70662869FBCF00340E68 /* GPVEmptyStateView.swift */,
			);
			path = CustomView;
			sourceTree = "<group>";
		};
		C92BE73A2857A1B000672CC1 /* Search */ = {
			isa = PBXGroup;
			children = (
				C92BE7382857A1AE00672CC1 /* SearchVC.swift */,
			);
			path = Search;
			sourceTree = "<group>";
		};
		C92BE73D2857A1F000672CC1 /* Favorites List */ = {
			isa = PBXGroup;
			children = (
				C92BE73B2857A1E000672CC1 /* FavoritesListVC.swift */,
			);
			path = "Favorites List";
			sourceTree = "<group>";
		};
		C92BE73E2857ABD000672CC1 /* Views */ = {
			isa = PBXGroup;
			children = (
				C9A8BDCF287288A4000A1BE5 /* ViewController */,
				C92B70652869FAD300340E68 /* CustomView */,
				C9CD85B52868A887003CA47B /* ActivityIndicator */,
				C9DF6E342861EDA100A4C4E4 /* ImageViews */,
				C9AFDF9A285A4BA000493F55 /* CustomAlert */,
				C92BE7432857B6D800672CC1 /* Textfields */,
				C92BE7422857AC0900672CC1 /* Buttons */,
				C9AFDF99285A4AA900493F55 /* Labels */,
			);
			path = Views;
			sourceTree = "<group>";
		};
		C92BE7422857AC0900672CC1 /* Buttons */ = {
			isa = PBXGroup;
			children = (
				C92BE73F2857ABFC00672CC1 /* GPVButton.swift */,
			);
			path = Buttons;
			sourceTree = "<group>";
		};
		C92BE7432857B6D800672CC1 /* Textfields */ = {
			isa = PBXGroup;
			children = (
				C92BE7442857B6E800672CC1 /* GPVTextField.swift */,
			);
			path = Textfields;
			sourceTree = "<group>";
		};
		C939B02628579BF3005827DC = {
			isa = PBXGroup;
			children = (
				C939B03128579BF3005827DC /* Github Profile Viewer */,
				C9CE935E2871EFB700612AE9 /* Github Profile ViewerTests */,
				C939B03028579BF3005827DC /* Products */,
			);
			sourceTree = "<group>";
		};
		C939B03028579BF3005827DC /* Products */ = {
			isa = PBXGroup;
			children = (
				C939B02F28579BF3005827DC /* Github Profile Viewer.app */,
				C9CE935D2871EFB700612AE9 /* Github Profile ViewerTests.xctest */,
			);
			name = Products;
			sourceTree = "<group>";
		};
		C939B03128579BF3005827DC /* Github Profile Viewer */ = {
			isa = PBXGroup;
			children = (
				C939B04628579CE6005827DC /* Application Delegates */,
				C9B67DBC285F9E3A003EFE50 /* Utilities */,
				C90B864B28790F92004E8599 /* API */,
				C9B67DB9285F907C003EFE50 /* Managers */,
				C9139BAD285CDC0500BDBA51 /* Models */,
				C97D2F3A2859167400744065 /* Extensions */,
				C97D2F342859099C00744065 /* Protocols */,
				C92BE73E2857ABD000672CC1 /* Views */,
				C939B04928579D13005827DC /* Screens */,
				C939B04728579CF3005827DC /* Resources */,
				C939B04828579D01005827DC /* Supporting Files */,
			);
			path = "Github Profile Viewer";
			sourceTree = "<group>";
		};
		C939B04628579CE6005827DC /* Application Delegates */ = {
			isa = PBXGroup;
			children = (
				C939B03228579BF3005827DC /* AppDelegate.swift */,
				C939B03428579BF3005827DC /* SceneDelegate.swift */,
			);
			path = "Application Delegates";
			sourceTree = "<group>";
		};
		C939B04728579CF3005827DC /* Resources */ = {
			isa = PBXGroup;
			children = (
				C939B03B28579BF4005827DC /* Assets.xcassets */,
			);
			path = Resources;
			sourceTree = "<group>";
		};
		C939B04828579D01005827DC /* Supporting Files */ = {
			isa = PBXGroup;
			children = (
				C939B03D28579BF4005827DC /* LaunchScreen.storyboard */,
				C939B04028579BF4005827DC /* Info.plist */,
			);
			path = "Supporting Files";
			sourceTree = "<group>";
		};
		C939B04928579D13005827DC /* Screens */ = {
			isa = PBXGroup;
			children = (
				C92BE73A2857A1B000672CC1 /* Search */,
				C97D2F3728590C7E00744065 /* Followers */,
				C92BE73D2857A1F000672CC1 /* Favorites List */,
			);
			path = Screens;
			sourceTree = "<group>";
		};
		C97D2F342859099C00744065 /* Protocols */ = {
			isa = PBXGroup;
			children = (
				C97D2F35285909C800744065 /* KeyboardDismissable.swift */,
			);
			path = Protocols;
			sourceTree = "<group>";
		};
		C97D2F3728590C7E00744065 /* Followers */ = {
			isa = PBXGroup;
			children = (
				C9DF6E312861ED0A00A4C4E4 /* View Controllers */,
				C9DF6E302861ECF700A4C4E4 /* Collection View Cell */,
			);
			path = Followers;
			sourceTree = "<group>";
		};
		C97D2F3A2859167400744065 /* Extensions */ = {
			isa = PBXGroup;
			children = (
				C97D2F3B285916BC00744065 /* String+Validation.swift */,
				C9AFDF9D285A521600493F55 /* UIViewController+Ext.swift */,
				C9C08B262867080900AD1D8B /* UIImageView+Download.swift */,
			);
			path = Extensions;
			sourceTree = "<group>";
		};
		C9A8BDCF287288A4000A1BE5 /* ViewController */ = {
			isa = PBXGroup;
			children = (
				C9A8BDCD28728892000A1BE5 /* GPVUserInfoHeaderVC.swift */,
			);
			path = ViewController;
			sourceTree = "<group>";
		};
		C9AFDF99285A4AA900493F55 /* Labels */ = {
			isa = PBXGroup;
			children = (
				C9AFDF94285A484000493F55 /* GPVTitleLabel.swift */,
				C9AFDF96285A4A9B00493F55 /* GPVBodyLabel.swift */,
				C9A8BDD0287288F2000A1BE5 /* GPVSecondaryTitleLabel.swift */,
			);
			path = Labels;
			sourceTree = "<group>";
		};
		C9AFDF9A285A4BA000493F55 /* CustomAlert */ = {
			isa = PBXGroup;
			children = (
				C9AFDF9B285A4BB700493F55 /* GPVAlertVC.swift */,
			);
			path = CustomAlert;
			sourceTree = "<group>";
		};
		C9B67DB9285F907C003EFE50 /* Managers */ = {
			isa = PBXGroup;
			children = (
				C9B67DBA285F9091003EFE50 /* NetworkManager.swift */,
			);
			path = Managers;
			sourceTree = "<group>";
		};
		C9B67DBC285F9E3A003EFE50 /* Utilities */ = {
			isa = PBXGroup;
			children = (
				C9B67DBD285F9E68003EFE50 /* GPVError.swift */,
				C97278DA28637B03003B3E15 /* UIHelper.swift */,
				C9A8BDD22872906F000A1BE5 /* Constants.swift */,
			);
			path = Utilities;
			sourceTree = "<group>";
		};
		C9CD85B52868A887003CA47B /* ActivityIndicator */ = {
			isa = PBXGroup;
			children = (
				C9CD85B62868A89B003CA47B /* LoadMoreActivityIndicator.swift */,
			);
			path = ActivityIndicator;
			sourceTree = "<group>";
		};
		C9CE935E2871EFB700612AE9 /* Github Profile ViewerTests */ = {
			isa = PBXGroup;
			children = (
			);
			path = "Github Profile ViewerTests";
			sourceTree = "<group>";
		};
		C9DF6E302861ECF700A4C4E4 /* Collection View Cell */ = {
			isa = PBXGroup;
			children = (
				C9DF6E322861ED4100A4C4E4 /* FollowerCell.swift */,
			);
			path = "Collection View Cell";
			sourceTree = "<group>";
		};
		C9DF6E312861ED0A00A4C4E4 /* View Controllers */ = {
			isa = PBXGroup;
			children = (
				C97D2F3828590C9300744065 /* FollowersListVC.swift */,
				C90B864928790CAD004E8599 /* FollowersListViewModel.swift */,
				C9CE93692871F31300612AE9 /* UserInfoVC.swift */,
			);
			path = "View Controllers";
			sourceTree = "<group>";
		};
		C9DF6E342861EDA100A4C4E4 /* ImageViews */ = {
			isa = PBXGroup;
			children = (
				C9DF6E352861EDB400A4C4E4 /* GPVAvatarImageView.swift */,
			);
			path = ImageViews;
			sourceTree = "<group>";
		};
/* End PBXGroup section */

/* Begin PBXNativeTarget section */
		C939B02E28579BF3005827DC /* Github Profile Viewer */ = {
			isa = PBXNativeTarget;
			buildConfigurationList = C939B04328579BF4005827DC /* Build configuration list for PBXNativeTarget "Github Profile Viewer" */;
			buildPhases = (
				C939B02B28579BF3005827DC /* Sources */,
				C939B02C28579BF3005827DC /* Frameworks */,
				C939B02D28579BF3005827DC /* Resources */,
			);
			buildRules = (
			);
			dependencies = (
			);
			name = "Github Profile Viewer";
			productName = "Github Profile Viewer";
			productReference = C939B02F28579BF3005827DC /* Github Profile Viewer.app */;
			productType = "com.apple.product-type.application";
		};
		C9CE935C2871EFB700612AE9 /* Github Profile ViewerTests */ = {
			isa = PBXNativeTarget;
			buildConfigurationList = C9CE93652871EFB700612AE9 /* Build configuration list for PBXNativeTarget "Github Profile ViewerTests" */;
			buildPhases = (
				C9CE93592871EFB700612AE9 /* Sources */,
				C9CE935A2871EFB700612AE9 /* Frameworks */,
				C9CE935B2871EFB700612AE9 /* Resources */,
			);
			buildRules = (
			);
			dependencies = (
				C9CE93622871EFB700612AE9 /* PBXTargetDependency */,
			);
			name = "Github Profile ViewerTests";
			productName = "Github Profile ViewerTests";
			productReference = C9CE935D2871EFB700612AE9 /* Github Profile ViewerTests.xctest */;
			productType = "com.apple.product-type.bundle.unit-test";
		};
/* End PBXNativeTarget section */

/* Begin PBXProject section */
		C939B02728579BF3005827DC /* Project object */ = {
			isa = PBXProject;
			attributes = {
				BuildIndependentTargetsInParallel = 1;
				LastSwiftUpdateCheck = 1340;
				LastUpgradeCheck = 1340;
				TargetAttributes = {
					C939B02E28579BF3005827DC = {
						CreatedOnToolsVersion = 13.4.1;
					};
					C9CE935C2871EFB700612AE9 = {
						CreatedOnToolsVersion = 13.4.1;
						TestTargetID = C939B02E28579BF3005827DC;
					};
				};
			};
			buildConfigurationList = C939B02A28579BF3005827DC /* Build configuration list for PBXProject "Github Profile Viewer" */;
			compatibilityVersion = "Xcode 13.0";
			developmentRegion = en;
			hasScannedForEncodings = 0;
			knownRegions = (
				en,
				Base,
			);
			mainGroup = C939B02628579BF3005827DC;
			productRefGroup = C939B03028579BF3005827DC /* Products */;
			projectDirPath = "";
			projectRoot = "";
			targets = (
				C939B02E28579BF3005827DC /* Github Profile Viewer */,
				C9CE935C2871EFB700612AE9 /* Github Profile ViewerTests */,
			);
		};
/* End PBXProject section */

/* Begin PBXResourcesBuildPhase section */
		C939B02D28579BF3005827DC /* Resources */ = {
			isa = PBXResourcesBuildPhase;
			buildActionMask = 2147483647;
			files = (
				C939B03F28579BF4005827DC /* LaunchScreen.storyboard in Resources */,
				C939B03C28579BF4005827DC /* Assets.xcassets in Resources */,
			);
			runOnlyForDeploymentPostprocessing = 0;
		};
		C9CE935B2871EFB700612AE9 /* Resources */ = {
			isa = PBXResourcesBuildPhase;
			buildActionMask = 2147483647;
			files = (
			);
			runOnlyForDeploymentPostprocessing = 0;
		};
/* End PBXResourcesBuildPhase section */

/* Begin PBXSourcesBuildPhase section */
		C939B02B28579BF3005827DC /* Sources */ = {
			isa = PBXSourcesBuildPhase;
			buildActionMask = 2147483647;
			files = (
				C9A8BDCE28728892000A1BE5 /* GPVUserInfoHeaderVC.swift in Sources */,
				C97D2F3C285916BC00744065 /* String+Validation.swift in Sources */,
				C9B67DBE285F9E68003EFE50 /* GPVError.swift in Sources */,
				C98C6B0628773E3200D8685E /* GPVItemInfoView.swift in Sources */,
				C90B865828791348004E8599 /* FollowersLoader.swift in Sources */,
				C90B864A28790CAD004E8599 /* FollowersListViewModel.swift in Sources */,
				C9139BAF285CDC0F00BDBA51 /* Follower.swift in Sources */,
				C92B70672869FBCF00340E68 /* GPVEmptyStateView.swift in Sources */,
				C97278DB28637B03003B3E15 /* UIHelper.swift in Sources */,
				C9AFDF9E285A521600493F55 /* UIViewController+Ext.swift in Sources */,
				C9AFDF9C285A4BB700493F55 /* GPVAlertVC.swift in Sources */,
				C9B67DBB285F9091003EFE50 /* NetworkManager.swift in Sources */,
				C9CD85B72868A89B003CA47B /* LoadMoreActivityIndicator.swift in Sources */,
				C9A8BDD1287288F2000A1BE5 /* GPVSecondaryTitleLabel.swift in Sources */,
				C92BE73C2857A1E000672CC1 /* FavoritesListVC.swift in Sources */,
				C92BE7392857A1AE00672CC1 /* SearchVC.swift in Sources */,
				C97D2F3928590C9300744065 /* FollowersListVC.swift in Sources */,
				C939B03328579BF3005827DC /* AppDelegate.swift in Sources */,
				C9139BB1285CE1B700BDBA51 /* User.swift in Sources */,
				C9C08B272867080900AD1D8B /* UIImageView+Download.swift in Sources */,
				C9DF6E332861ED4100A4C4E4 /* FollowerCell.swift in Sources */,
				C97D2F36285909C800744065 /* KeyboardDismissable.swift in Sources */,
				C9AFDF97285A4A9B00493F55 /* GPVBodyLabel.swift in Sources */,
				C92BE7402857ABFC00672CC1 /* GPVButton.swift in Sources */,
				C939B03528579BF3005827DC /* SceneDelegate.swift in Sources */,
				C90B8655287912F8004E8599 /* URLSessionHTTPClient.swift in Sources */,
				C9DF6E362861EDB400A4C4E4 /* GPVAvatarImageView.swift in Sources */,
				C92BE7452857B6E800672CC1 /* GPVTextField.swift in Sources */,
				C90B8653287912D6004E8599 /* HTTPClient.swift in Sources */,
				C9AFDF95285A484000493F55 /* GPVTitleLabel.swift in Sources */,
				C9CE936A2871F31300612AE9 /* UserInfoVC.swift in Sources */,
				C9A8BDD32872906F000A1BE5 /* Constants.swift in Sources */,
			);
			runOnlyForDeploymentPostprocessing = 0;
		};
		C9CE93592871EFB700612AE9 /* Sources */ = {
			isa = PBXSourcesBuildPhase;
			buildActionMask = 2147483647;
			files = (
			);
			runOnlyForDeploymentPostprocessing = 0;
		};
/* End PBXSourcesBuildPhase section */

/* Begin PBXTargetDependency section */
		C9CE93622871EFB700612AE9 /* PBXTargetDependency */ = {
			isa = PBXTargetDependency;
			target = C939B02E28579BF3005827DC /* Github Profile Viewer */;
			targetProxy = C9CE93612871EFB700612AE9 /* PBXContainerItemProxy */;
		};
/* End PBXTargetDependency section */

/* Begin PBXVariantGroup section */
		C939B03D28579BF4005827DC /* LaunchScreen.storyboard */ = {
			isa = PBXVariantGroup;
			children = (
				C939B03E28579BF4005827DC /* Base */,
			);
			name = LaunchScreen.storyboard;
			sourceTree = "<group>";
		};
/* End PBXVariantGroup section */

/* Begin XCBuildConfiguration section */
		C939B04128579BF4005827DC /* Debug */ = {
			isa = XCBuildConfiguration;
			buildSettings = {
				ALWAYS_SEARCH_USER_PATHS = NO;
				CLANG_ANALYZER_NONNULL = YES;
				CLANG_ANALYZER_NUMBER_OBJECT_CONVERSION = YES_AGGRESSIVE;
				CLANG_CXX_LANGUAGE_STANDARD = "gnu++17";
				CLANG_ENABLE_MODULES = YES;
				CLANG_ENABLE_OBJC_ARC = YES;
				CLANG_ENABLE_OBJC_WEAK = YES;
				CLANG_WARN_BLOCK_CAPTURE_AUTORELEASING = YES;
				CLANG_WARN_BOOL_CONVERSION = YES;
				CLANG_WARN_COMMA = YES;
				CLANG_WARN_CONSTANT_CONVERSION = YES;
				CLANG_WARN_DEPRECATED_OBJC_IMPLEMENTATIONS = YES;
				CLANG_WARN_DIRECT_OBJC_ISA_USAGE = YES_ERROR;
				CLANG_WARN_DOCUMENTATION_COMMENTS = YES;
				CLANG_WARN_EMPTY_BODY = YES;
				CLANG_WARN_ENUM_CONVERSION = YES;
				CLANG_WARN_INFINITE_RECURSION = YES;
				CLANG_WARN_INT_CONVERSION = YES;
				CLANG_WARN_NON_LITERAL_NULL_CONVERSION = YES;
				CLANG_WARN_OBJC_IMPLICIT_RETAIN_SELF = YES;
				CLANG_WARN_OBJC_LITERAL_CONVERSION = YES;
				CLANG_WARN_OBJC_ROOT_CLASS = YES_ERROR;
				CLANG_WARN_QUOTED_INCLUDE_IN_FRAMEWORK_HEADER = YES;
				CLANG_WARN_RANGE_LOOP_ANALYSIS = YES;
				CLANG_WARN_STRICT_PROTOTYPES = YES;
				CLANG_WARN_SUSPICIOUS_MOVE = YES;
				CLANG_WARN_UNGUARDED_AVAILABILITY = YES_AGGRESSIVE;
				CLANG_WARN_UNREACHABLE_CODE = YES;
				CLANG_WARN__DUPLICATE_METHOD_MATCH = YES;
				COPY_PHASE_STRIP = NO;
				DEBUG_INFORMATION_FORMAT = dwarf;
				ENABLE_STRICT_OBJC_MSGSEND = YES;
				ENABLE_TESTABILITY = YES;
				GCC_C_LANGUAGE_STANDARD = gnu11;
				GCC_DYNAMIC_NO_PIC = NO;
				GCC_NO_COMMON_BLOCKS = YES;
				GCC_OPTIMIZATION_LEVEL = 0;
				GCC_PREPROCESSOR_DEFINITIONS = (
					"DEBUG=1",
					"$(inherited)",
				);
				GCC_WARN_64_TO_32_BIT_CONVERSION = YES;
				GCC_WARN_ABOUT_RETURN_TYPE = YES_ERROR;
				GCC_WARN_UNDECLARED_SELECTOR = YES;
				GCC_WARN_UNINITIALIZED_AUTOS = YES_AGGRESSIVE;
				GCC_WARN_UNUSED_FUNCTION = YES;
				GCC_WARN_UNUSED_VARIABLE = YES;
				IPHONEOS_DEPLOYMENT_TARGET = 15.5;
				MTL_ENABLE_DEBUG_INFO = INCLUDE_SOURCE;
				MTL_FAST_MATH = YES;
				ONLY_ACTIVE_ARCH = YES;
				SDKROOT = iphoneos;
				SWIFT_ACTIVE_COMPILATION_CONDITIONS = DEBUG;
				SWIFT_OPTIMIZATION_LEVEL = "-Onone";
			};
			name = Debug;
		};
		C939B04228579BF4005827DC /* Release */ = {
			isa = XCBuildConfiguration;
			buildSettings = {
				ALWAYS_SEARCH_USER_PATHS = NO;
				CLANG_ANALYZER_NONNULL = YES;
				CLANG_ANALYZER_NUMBER_OBJECT_CONVERSION = YES_AGGRESSIVE;
				CLANG_CXX_LANGUAGE_STANDARD = "gnu++17";
				CLANG_ENABLE_MODULES = YES;
				CLANG_ENABLE_OBJC_ARC = YES;
				CLANG_ENABLE_OBJC_WEAK = YES;
				CLANG_WARN_BLOCK_CAPTURE_AUTORELEASING = YES;
				CLANG_WARN_BOOL_CONVERSION = YES;
				CLANG_WARN_COMMA = YES;
				CLANG_WARN_CONSTANT_CONVERSION = YES;
				CLANG_WARN_DEPRECATED_OBJC_IMPLEMENTATIONS = YES;
				CLANG_WARN_DIRECT_OBJC_ISA_USAGE = YES_ERROR;
				CLANG_WARN_DOCUMENTATION_COMMENTS = YES;
				CLANG_WARN_EMPTY_BODY = YES;
				CLANG_WARN_ENUM_CONVERSION = YES;
				CLANG_WARN_INFINITE_RECURSION = YES;
				CLANG_WARN_INT_CONVERSION = YES;
				CLANG_WARN_NON_LITERAL_NULL_CONVERSION = YES;
				CLANG_WARN_OBJC_IMPLICIT_RETAIN_SELF = YES;
				CLANG_WARN_OBJC_LITERAL_CONVERSION = YES;
				CLANG_WARN_OBJC_ROOT_CLASS = YES_ERROR;
				CLANG_WARN_QUOTED_INCLUDE_IN_FRAMEWORK_HEADER = YES;
				CLANG_WARN_RANGE_LOOP_ANALYSIS = YES;
				CLANG_WARN_STRICT_PROTOTYPES = YES;
				CLANG_WARN_SUSPICIOUS_MOVE = YES;
				CLANG_WARN_UNGUARDED_AVAILABILITY = YES_AGGRESSIVE;
				CLANG_WARN_UNREACHABLE_CODE = YES;
				CLANG_WARN__DUPLICATE_METHOD_MATCH = YES;
				COPY_PHASE_STRIP = NO;
				DEBUG_INFORMATION_FORMAT = "dwarf-with-dsym";
				ENABLE_NS_ASSERTIONS = NO;
				ENABLE_STRICT_OBJC_MSGSEND = YES;
				GCC_C_LANGUAGE_STANDARD = gnu11;
				GCC_NO_COMMON_BLOCKS = YES;
				GCC_WARN_64_TO_32_BIT_CONVERSION = YES;
				GCC_WARN_ABOUT_RETURN_TYPE = YES_ERROR;
				GCC_WARN_UNDECLARED_SELECTOR = YES;
				GCC_WARN_UNINITIALIZED_AUTOS = YES_AGGRESSIVE;
				GCC_WARN_UNUSED_FUNCTION = YES;
				GCC_WARN_UNUSED_VARIABLE = YES;
				IPHONEOS_DEPLOYMENT_TARGET = 15.5;
				MTL_ENABLE_DEBUG_INFO = NO;
				MTL_FAST_MATH = YES;
				SDKROOT = iphoneos;
				SWIFT_COMPILATION_MODE = wholemodule;
				SWIFT_OPTIMIZATION_LEVEL = "-O";
				VALIDATE_PRODUCT = YES;
			};
			name = Release;
		};
		C939B04428579BF4005827DC /* Debug */ = {
			isa = XCBuildConfiguration;
			buildSettings = {
				ASSETCATALOG_COMPILER_APPICON_NAME = AppIcon;
				ASSETCATALOG_COMPILER_GLOBAL_ACCENT_COLOR_NAME = AccentColor;
				CODE_SIGN_STYLE = Automatic;
				CURRENT_PROJECT_VERSION = 1;
				DEVELOPMENT_TEAM = BJQF9JJWDE;
				GENERATE_INFOPLIST_FILE = YES;
				INFOPLIST_FILE = "Github Profile Viewer/Supporting Files/Info.plist";
				INFOPLIST_KEY_UIApplicationSupportsIndirectInputEvents = YES;
				INFOPLIST_KEY_UILaunchStoryboardName = LaunchScreen;
				INFOPLIST_KEY_UISupportedInterfaceOrientations = UIInterfaceOrientationPortrait;
				INFOPLIST_KEY_UISupportedInterfaceOrientations_iPad = "UIInterfaceOrientationPortrait UIInterfaceOrientationPortraitUpsideDown UIInterfaceOrientationLandscapeLeft UIInterfaceOrientationLandscapeRight";
				INFOPLIST_KEY_UISupportedInterfaceOrientations_iPhone = "UIInterfaceOrientationPortrait UIInterfaceOrientationLandscapeLeft UIInterfaceOrientationLandscapeRight";
				IPHONEOS_DEPLOYMENT_TARGET = 15.0;
				LD_RUNPATH_SEARCH_PATHS = (
					"$(inherited)",
					"@executable_path/Frameworks",
				);
				MARKETING_VERSION = 1.0;
				PRODUCT_BUNDLE_IDENTIFIER = "com.jlcs.Github-Profile-Viewer";
				PRODUCT_NAME = "$(TARGET_NAME)";
				SWIFT_EMIT_LOC_STRINGS = YES;
				SWIFT_VERSION = 5.0;
				TARGETED_DEVICE_FAMILY = 1;
			};
			name = Debug;
		};
		C939B04528579BF4005827DC /* Release */ = {
			isa = XCBuildConfiguration;
			buildSettings = {
				ASSETCATALOG_COMPILER_APPICON_NAME = AppIcon;
				ASSETCATALOG_COMPILER_GLOBAL_ACCENT_COLOR_NAME = AccentColor;
				CODE_SIGN_STYLE = Automatic;
				CURRENT_PROJECT_VERSION = 1;
				DEVELOPMENT_TEAM = BJQF9JJWDE;
				GENERATE_INFOPLIST_FILE = YES;
				INFOPLIST_FILE = "Github Profile Viewer/Supporting Files/Info.plist";
				INFOPLIST_KEY_UIApplicationSupportsIndirectInputEvents = YES;
				INFOPLIST_KEY_UILaunchStoryboardName = LaunchScreen;
				INFOPLIST_KEY_UISupportedInterfaceOrientations = UIInterfaceOrientationPortrait;
				INFOPLIST_KEY_UISupportedInterfaceOrientations_iPad = "UIInterfaceOrientationPortrait UIInterfaceOrientationPortraitUpsideDown UIInterfaceOrientationLandscapeLeft UIInterfaceOrientationLandscapeRight";
				INFOPLIST_KEY_UISupportedInterfaceOrientations_iPhone = "UIInterfaceOrientationPortrait UIInterfaceOrientationLandscapeLeft UIInterfaceOrientationLandscapeRight";
				IPHONEOS_DEPLOYMENT_TARGET = 15.0;
				LD_RUNPATH_SEARCH_PATHS = (
					"$(inherited)",
					"@executable_path/Frameworks",
				);
				MARKETING_VERSION = 1.0;
				PRODUCT_BUNDLE_IDENTIFIER = "com.jlcs.Github-Profile-Viewer";
				PRODUCT_NAME = "$(TARGET_NAME)";
				SWIFT_EMIT_LOC_STRINGS = YES;
				SWIFT_VERSION = 5.0;
				TARGETED_DEVICE_FAMILY = 1;
			};
			name = Release;
		};
		C9CE93632871EFB700612AE9 /* Debug */ = {
			isa = XCBuildConfiguration;
			buildSettings = {
				BUNDLE_LOADER = "$(TEST_HOST)";
				CODE_SIGN_STYLE = Automatic;
				CURRENT_PROJECT_VERSION = 1;
				DEVELOPMENT_TEAM = BJQF9JJWDE;
				GENERATE_INFOPLIST_FILE = YES;
				MARKETING_VERSION = 1.0;
				PRODUCT_BUNDLE_IDENTIFIER = "com.jlcs.Github-Profile-ViewerTests";
				PRODUCT_NAME = "$(TARGET_NAME)";
				SWIFT_EMIT_LOC_STRINGS = NO;
				SWIFT_VERSION = 5.0;
				TARGETED_DEVICE_FAMILY = "1,2";
				TEST_HOST = "$(BUILT_PRODUCTS_DIR)/Github Profile Viewer.app/Github Profile Viewer";
			};
			name = Debug;
		};
		C9CE93642871EFB700612AE9 /* Release */ = {
			isa = XCBuildConfiguration;
			buildSettings = {
				BUNDLE_LOADER = "$(TEST_HOST)";
				CODE_SIGN_STYLE = Automatic;
				CURRENT_PROJECT_VERSION = 1;
				DEVELOPMENT_TEAM = BJQF9JJWDE;
				GENERATE_INFOPLIST_FILE = YES;
				MARKETING_VERSION = 1.0;
				PRODUCT_BUNDLE_IDENTIFIER = "com.jlcs.Github-Profile-ViewerTests";
				PRODUCT_NAME = "$(TARGET_NAME)";
				SWIFT_EMIT_LOC_STRINGS = NO;
				SWIFT_VERSION = 5.0;
				TARGETED_DEVICE_FAMILY = "1,2";
				TEST_HOST = "$(BUILT_PRODUCTS_DIR)/Github Profile Viewer.app/Github Profile Viewer";
			};
			name = Release;
		};
/* End XCBuildConfiguration section */

/* Begin XCConfigurationList section */
		C939B02A28579BF3005827DC /* Build configuration list for PBXProject "Github Profile Viewer" */ = {
			isa = XCConfigurationList;
			buildConfigurations = (
				C939B04128579BF4005827DC /* Debug */,
				C939B04228579BF4005827DC /* Release */,
			);
			defaultConfigurationIsVisible = 0;
			defaultConfigurationName = Release;
		};
		C939B04328579BF4005827DC /* Build configuration list for PBXNativeTarget "Github Profile Viewer" */ = {
			isa = XCConfigurationList;
			buildConfigurations = (
				C939B04428579BF4005827DC /* Debug */,
				C939B04528579BF4005827DC /* Release */,
			);
			defaultConfigurationIsVisible = 0;
			defaultConfigurationName = Release;
		};
		C9CE93652871EFB700612AE9 /* Build configuration list for PBXNativeTarget "Github Profile ViewerTests" */ = {
			isa = XCConfigurationList;
			buildConfigurations = (
				C9CE93632871EFB700612AE9 /* Debug */,
				C9CE93642871EFB700612AE9 /* Release */,
			);
			defaultConfigurationIsVisible = 0;
			defaultConfigurationName = Release;
		};
/* End XCConfigurationList section */
	};
	rootObject = C939B02728579BF3005827DC /* Project object */;
}
